// !$*UTF8*$!
{
	archiveVersion = 1;
	classes = {
	};
	objectVersion = 55;
	objects = {

/* Begin PBXBuildFile section */
		01E0C699845C2438D521DF84 /* OfficeSpriteRenderer+Walls.swift in Sources */ = {isa = PBXBuildFile; fileRef = A334ABF55DDE3DD6D4E9396C /* OfficeSpriteRenderer+Walls.swift */; };
		03617604FA9122E49D38B667 /* SessionPersistenceTests.swift in Sources */ = {isa = PBXBuildFile; fileRef = F5AAFBA393B74FEDE8062302 /* SessionPersistenceTests.swift */; };
		0C3E26FF047F98EAD8EF07A1 /* SessionTypes.swift in Sources */ = {isa = PBXBuildFile; fileRef = A897C5160FB0EB97E9B2DB3B /* SessionTypes.swift */; };
		0FFDB2EC93CDE06B09B02ABC /* NewSessionTypes.swift in Sources */ = {isa = PBXBuildFile; fileRef = 6F968686C383194D18360173 /* NewSessionTypes.swift */; };
		10122AD919EB9A2D6F9DA38C /* SavePresetSheet.swift in Sources */ = {isa = PBXBuildFile; fileRef = 6DB41CE6D1F5D7BA4555D5B5 /* SavePresetSheet.swift */; };
		116B3022C0E116A0A23C75E4 /* OfficeCharacterController.swift in Sources */ = {isa = PBXBuildFile; fileRef = EA1ECF9B5468EE789D6C8F93 /* OfficeCharacterController.swift */; };
		1A440B59E84390BB625562C4 /* SessionManager+ProcessDetection.swift in Sources */ = {isa = PBXBuildFile; fileRef = C47B26359C30998C6540F76D /* SessionManager+ProcessDetection.swift */; };
		1D9E40EE8D7DE6BE2BD0DE82 /* DangerousCommandDetector.swift in Sources */ = {isa = PBXBuildFile; fileRef = CB94DEA580B511D31BA90467 /* DangerousCommandDetector.swift */; };
		20D7F9BBB900A1499C34A475 /* TerminalTab+Status.swift in Sources */ = {isa = PBXBuildFile; fileRef = AE9D1D1586829D618F7D6E0D /* TerminalTab+Status.swift */; };
		236E45234E77B5DD0947231A /* EmptySessionView.swift in Sources */ = {isa = PBXBuildFile; fileRef = B7DCE7C8DFD4C5D8835D14AD /* EmptySessionView.swift */; };
		2676DDD8E916C6AE030C066B /* GitPanelCenter.swift in Sources */ = {isa = PBXBuildFile; fileRef = 7FC2E87FD0BBA408A7BF831F /* GitPanelCenter.swift */; };
		282EC8AD0060162BD2B54E2B /* TerminalTab+StreamParser.swift in Sources */ = {isa = PBXBuildFile; fileRef = 31316FF4E6F8703FFB8FFE55 /* TerminalTab+StreamParser.swift */; };
		29B12DB6C76A7ABED13FFB49 /* CharacterRegistry.swift in Sources */ = {isa = PBXBuildFile; fileRef = 36C014C26EF8B6FA44A4933F /* CharacterRegistry.swift */; };
		2AB9AF136B33987DEA22A123 /* EventBlockView.swift in Sources */ = {isa = PBXBuildFile; fileRef = E8237C733585708D6F97A46B /* EventBlockView.swift */; };
		2E7B371744735AA232D1DE66 /* AchievementManager.swift in Sources */ = {isa = PBXBuildFile; fileRef = A7A424148F8BB7E6771ABC84 /* AchievementManager.swift */; };
		31A6C13CFDFDA31A7F1BE480 /* AuditLog.swift in Sources */ = {isa = PBXBuildFile; fileRef = EC8ED477AAF1A46242EF2048 /* AuditLog.swift */; };
		3339C9769F77E08EFF7333CF /* CharacterSystem.swift in Sources */ = {isa = PBXBuildFile; fileRef = E88D65235612F3350B6F7C6F /* CharacterSystem.swift */; };
		33AAEE3E191B444BA03DD6CE /* ApprovalSheet.swift in Sources */ = {isa = PBXBuildFile; fileRef = 43DCBF9CA5FC57EEFDA2D48B /* ApprovalSheet.swift */; };
		3437435DC3BBD434C0D530DD /* PromptFavorites.swift in Sources */ = {isa = PBXBuildFile; fileRef = CF6CC9F764ED77B88CE7636B /* PromptFavorites.swift */; };
		37876521678858FDD3C2A5C7 /* UpdateChecker.swift in Sources */ = {isa = PBXBuildFile; fileRef = FF63DB2D607C39538B24A2C5 /* UpdateChecker.swift */; };
		404855DB1B5FE23A2E73B498 /* DofficeKit.framework in Frameworks */ = {isa = PBXBuildFile; fileRef = 92F82F2ADF8BB95A472D83BB /* DofficeKit.framework */; };
		4431FD2EE4A5FCFCB75C8B75 /* TerminalTab+Prompt.swift in Sources */ = {isa = PBXBuildFile; fileRef = 5F0CCD8408A4C100FF0F4CD7 /* TerminalTab+Prompt.swift */; };
		4762B9A3D7A7735EC598B2C2 /* StreamBlockTests.swift in Sources */ = {isa = PBXBuildFile; fileRef = 78E5A63D33DA3441F15F43B3 /* StreamBlockTests.swift */; };
		480739E9F70F52E0566541FC /* PluginManifest.swift in Sources */ = {isa = PBXBuildFile; fileRef = FC4276093C3C72F78D948E49 /* PluginManifest.swift */; };
		4FE2CF0817D860543D83F7AE /* SleepWorkSetupSheet.swift in Sources */ = {isa = PBXBuildFile; fileRef = 16A43EE291A91F72068A199B /* SleepWorkSetupSheet.swift */; };
		4FFF22EE427F9C6CA528859A /* TerminalTab+BlockManagement.swift in Sources */ = {isa = PBXBuildFile; fileRef = 5B4D34FFF3BDDC3912C389F1 /* TerminalTab+BlockManagement.swift */; };
		5105941BF8984B27A7BA34D7 /* SessionManager.swift in Sources */ = {isa = PBXBuildFile; fileRef = 383757B1F303D2367F418FD8 /* SessionManager.swift */; };
		541EB95D97F9530387D14154 /* TerminalTabStatusTests.swift in Sources */ = {isa = PBXBuildFile; fileRef = 8278DDFD56B6FF1B27D4BB0B /* TerminalTabStatusTests.swift */; };
		57168C23981D84D35E5B0911 /* OrderedCollections in Frameworks */ = {isa = PBXBuildFile; productRef = 89E6D5A0A35B16F4DE306A1A /* OrderedCollections */; };
		598841E6D9511FDEF835B2AF /* GitDataProvider.swift in Sources */ = {isa = PBXBuildFile; fileRef = 77F605ED3D5C36A312156DDA /* GitDataProvider.swift */; };
		59C9B285FFB5C445894BA583 /* OfficeSpriteRenderer.swift in Sources */ = {isa = PBXBuildFile; fileRef = 8C25A840A7F8DEA88708A4FA /* OfficeSpriteRenderer.swift */; };
		5A2565A2AC42E131909643DC /* ProcessingIndicator.swift in Sources */ = {isa = PBXBuildFile; fileRef = F0ED5303B7DDCCCB81BC44D8 /* ProcessingIndicator.swift */; };
		5B7A3B2AB4671575A21F9D1C /* TerminalTabBlockTests.swift in Sources */ = {isa = PBXBuildFile; fileRef = 86B18F901E950A6DDDF342F8 /* TerminalTabBlockTests.swift */; };
		5CE3F5416C848A3B7D5561F5 /* AgentEnums.swift in Sources */ = {isa = PBXBuildFile; fileRef = CFA5F4FF51F9189211AE4A89 /* AgentEnums.swift */; };
		5EC08CEEB204AA821D720E17 /* StreamBlock.swift in Sources */ = {isa = PBXBuildFile; fileRef = 78DA9BC2A913589013F50008 /* StreamBlock.swift */; };
		5FF24262C04A55B06CAE7EFF /* WorkerTypes.swift in Sources */ = {isa = PBXBuildFile; fileRef = A1371D4FB216D9ECEAD571FD /* WorkerTypes.swift */; };
		631F28A03836EF0B7296F923 /* CLIInstallCheckerTests.swift in Sources */ = {isa = PBXBuildFile; fileRef = 6E49873ADBA3242ABFBBF30F /* CLIInstallCheckerTests.swift */; };
		66A6D1316A1296DBA929924A /* SessionManager+PromptBuilder.swift in Sources */ = {isa = PBXBuildFile; fileRef = D3F7C4B8F0F0E9DF9787E1C8 /* SessionManager+PromptBuilder.swift */; };
		6712C4D1D1FEC6027005AFA7 /* ShortcutManager.swift in Sources */ = {isa = PBXBuildFile; fileRef = 90834FF30CEC139C5949474D /* ShortcutManager.swift */; };
		6A46404BA98A1698D6D58A68 /* SwiftTermBridge.swift in Sources */ = {isa = PBXBuildFile; fileRef = 7979015CFCA320FE91F2556F /* SwiftTermBridge.swift */; };
		6F89A98DADDD32952EDD1075 /* SessionStore.swift in Sources */ = {isa = PBXBuildFile; fileRef = 6616C6FE4D5C904DB1712520 /* SessionStore.swift */; };
		6FB27B754AB3A1C6738895ED /* OfficeLayoutStore.swift in Sources */ = {isa = PBXBuildFile; fileRef = 42CD351428B67F05D10EF334 /* OfficeLayoutStore.swift */; };
		73042BE02BE6EB0157001DFA /* OfficeTypes.swift in Sources */ = {isa = PBXBuildFile; fileRef = 4FD17D940D71E64DCA2C94DC /* OfficeTypes.swift */; };
		77453821A7453C0DC75A6DAB /* GitPanelActions.swift in Sources */ = {isa = PBXBuildFile; fileRef = 769E24DD75FF40DA25618AA3 /* GitPanelActions.swift */; };
		79489FD70019007740D76A1D /* OfficeSpriteData.swift in Sources */ = {isa = PBXBuildFile; fileRef = D20088F93DBF4563FC888A6F /* OfficeSpriteData.swift */; };
		79D654152006C1BD2E85CD72 /* CustomSessionPreset.swift in Sources */ = {isa = PBXBuildFile; fileRef = 452E78F7F8CDA83344259046 /* CustomSessionPreset.swift */; };
		7AF83672A75EAD63A6897102 /* OfficeSceneView.swift in Sources */ = {isa = PBXBuildFile; fileRef = D4DA3DD3A30AAEC14C34C18E /* OfficeSceneView.swift */; };
		7B22444BB1E67ACCC2558911 /* SensitiveFileShield.swift in Sources */ = {isa = PBXBuildFile; fileRef = C2AF7BF515BCE2A2479327A1 /* SensitiveFileShield.swift */; };
		7E3301BE9B40315CB08E9F93 /* GameSystem.swift in Sources */ = {isa = PBXBuildFile; fileRef = AA243BC958FDC88CBBEE126F /* GameSystem.swift */; };
		7FFA0DA943A6C3EB0B619E6E /* PluginEffectEngine.swift in Sources */ = {isa = PBXBuildFile; fileRef = 78CC974391AC1CEFCD2F6A2C /* PluginEffectEngine.swift */; };
		80F9445210EB1ED48CF0CD6B /* OfficeMap.swift in Sources */ = {isa = PBXBuildFile; fileRef = 13C9E3114EA6A8EFE6F30EA8 /* OfficeMap.swift */; };
		84DCC4802DE9AD1D80EDDB42 /* GridPanelView.swift in Sources */ = {isa = PBXBuildFile; fileRef = 2C2905D010FE232CFC2DF380 /* GridPanelView.swift */; };
		886A2E644751BBFF063D021F /* DesignSystem.framework in Frameworks */ = {isa = PBXBuildFile; fileRef = 30E6E557538644E5244CE85A /* DesignSystem.framework */; };
		8B0746758C3AE892DD77E7BA /* GitPanelView.swift in Sources */ = {isa = PBXBuildFile; fileRef = 105694BC93FEA3524B378B55 /* GitPanelView.swift */; };
		8FC668871A32C0F1D48E9D1B /* CLIInstallChecker.swift in Sources */ = {isa = PBXBuildFile; fileRef = 8250536E801349CC5A5A027E /* CLIInstallChecker.swift */; };
		926F9191C7C1AB6C3997C467 /* HistoryPanelView.swift in Sources */ = {isa = PBXBuildFile; fileRef = FF99C270FF8EAFB847CBCC0E /* HistoryPanelView.swift */; };
		93B4CC169B123F137A54CAD4 /* NewTabSessionConfig.swift in Sources */ = {isa = PBXBuildFile; fileRef = 5871F30CB659A5B39E1EF635 /* NewTabSessionConfig.swift */; };
		94844B529B76B4A508F31C45 /* OfficeSpriteRenderer+Scene.swift in Sources */ = {isa = PBXBuildFile; fileRef = BAFB4B8FE31BB817A1554FA1 /* OfficeSpriteRenderer+Scene.swift */; };
		961179B8BBA4156BDC04AEEE /* CommandSuggestionsView.swift in Sources */ = {isa = PBXBuildFile; fileRef = 022D6846C91E0677256E1641 /* CommandSuggestionsView.swift */; };
		97E48F4EBFBE400292FE703F /* EventStreamView.swift in Sources */ = {isa = PBXBuildFile; fileRef = D9DEA0DF1E8713C6F588544F /* EventStreamView.swift */; };
		9CD36584EB660D54FE76B702 /* ClaudeUsageFetcher.swift in Sources */ = {isa = PBXBuildFile; fileRef = B7488790E6E20581A7C3D7FA /* ClaudeUsageFetcher.swift */; };
		9ED8773A47A79BE0C7CE76BA /* PluginEventTypes.swift in Sources */ = {isa = PBXBuildFile; fileRef = 8E33D88BD1EAAFAB7D39404C /* PluginEventTypes.swift */; };
		9FD761DDBC2FD3FB8E06692C /* GitPanelDetail.swift in Sources */ = {isa = PBXBuildFile; fileRef = 59FEAD69BEF82B8B1A800E86 /* GitPanelDetail.swift */; };
		A0309349983F0B68848DEC30 /* TokenTracker.swift in Sources */ = {isa = PBXBuildFile; fileRef = 4B9C713A4F6AA0E5DC1747AD /* TokenTracker.swift */; };
		A33F549B1B26C352AFB395A3 /* GameTypes.swift in Sources */ = {isa = PBXBuildFile; fileRef = CCB95988DC3F0D3A1D13B0A3 /* GameTypes.swift */; };
		A927884A0A9DE715D1CDDAA4 /* EventStreamInputBar.swift in Sources */ = {isa = PBXBuildFile; fileRef = 275956D2515C2FE7EBD2CA10 /* EventStreamInputBar.swift */; };
		AAD1C302B4EEF79608A19844 /* VT100Terminal.swift in Sources */ = {isa = PBXBuildFile; fileRef = 6E83BDCB785E0164FB219A47 /* VT100Terminal.swift */; };
		AB43FA64E9C9873617A9D73B /* AgentEnumTests.swift in Sources */ = {isa = PBXBuildFile; fileRef = E54030129056009C5D5CD2E8 /* AgentEnumTests.swift */; };
		B02151DBDBC8335977763DD0 /* SessionManager+Search.swift in Sources */ = {isa = PBXBuildFile; fileRef = A04847A3A51A160574EEF379 /* SessionManager+Search.swift */; };
		B24916D128F7D1EC7E816B99 /* PixelStripView.swift in Sources */ = {isa = PBXBuildFile; fileRef = 8CF58704DA3B4545F702BAFE /* PixelStripView.swift */; };
		B383A82E0DE766205DD55B58 /* SessionManager+Persistence.swift in Sources */ = {isa = PBXBuildFile; fileRef = FF5CB2F4D56270AAF5642109 /* SessionManager+Persistence.swift */; };
		B83B423D48A4997A7916B3CB /* MarkdownTextView.swift in Sources */ = {isa = PBXBuildFile; fileRef = 383CE44E06A2D8FB89FBA761 /* MarkdownTextView.swift */; };
		B997F9C50E39FD17F4B5CE99 /* OfficeSceneSupport.swift in Sources */ = {isa = PBXBuildFile; fileRef = ED37E8C7942118A70379ED75 /* OfficeSceneSupport.swift */; };
		BC09CBD14FEB5CF64B52D355 /* SessionManager+Automation.swift in Sources */ = {isa = PBXBuildFile; fileRef = 21B9585D92EDAFFA311E316E /* SessionManager+Automation.swift */; };
		BC1C7B9F63850501BD573012 /* OfficeSpriteRenderer+Overlays.swift in Sources */ = {isa = PBXBuildFile; fileRef = D0CAC4FD59C9A84425FE4710 /* OfficeSpriteRenderer+Overlays.swift */; };
		BDD056FF434D41F755595FDB /* TerminalTab.swift in Sources */ = {isa = PBXBuildFile; fileRef = 5930BDA47963016A3958CAE5 /* TerminalTab.swift */; };
		C154D76B23A53E3D101F77D6 /* TerminalAreaView.swift in Sources */ = {isa = PBXBuildFile; fileRef = 25826EE7379F37D60AF8DB13 /* TerminalAreaView.swift */; };
		C33921B7CE737F226C10ABF9 /* AgentRingView.swift in Sources */ = {isa = PBXBuildFile; fileRef = DC7608ED5C0270B5A74F9F96 /* AgentRingView.swift */; };
		C7163A3138D42C818F8C69C5 /* DesignSystem.framework in Dependencies */ = {isa = PBXBuildFile; fileRef = 30E6E557538644E5244CE85A /* DesignSystem.framework */; };
		CA91926C141B6B2BBDC7409A /* CoreTests.swift in Sources */ = {isa = PBXBuildFile; fileRef = 93A90C0EF99D11A72257F956 /* CoreTests.swift */; };
		CB1E26E15C022DC15455242C /* GitPanelSidebar.swift in Sources */ = {isa = PBXBuildFile; fileRef = D49B9961EC715276486F0836 /* GitPanelSidebar.swift */; };
		CD852A9A7032106D72C650F3 /* SlashCommands.swift in Sources */ = {isa = PBXBuildFile; fileRef = 099C6D2BC03D02EBF91D3AA4 /* SlashCommands.swift */; };
		D02721955C0685B9A8F7499D /* OfficeSpriteRenderer+Floor.swift in Sources */ = {isa = PBXBuildFile; fileRef = 48D8E313A8E6D95B385784AC /* OfficeSpriteRenderer+Floor.swift */; };
		D06282EE6F8030E0FA36595A /* AccessoryPixelFurniture.swift in Sources */ = {isa = PBXBuildFile; fileRef = 23FB4AFB84C6A169FAF0C732 /* AccessoryPixelFurniture.swift */; };
		D1FF9A48009D4D92BA71A2E6 /* SwiftTerm in Frameworks */ = {isa = PBXBuildFile; productRef = 9D5C2229CC776B62AF642481 /* SwiftTerm */; };
		D9C7C5042BF4DBFB3806ECF7 /* TokenTrackerTests.swift in Sources */ = {isa = PBXBuildFile; fileRef = 71CEF881DFECF02A0AF191EC /* TokenTrackerTests.swift */; };
		DDCFC77CFA2600D2C1058B36 /* DofficeServer.swift in Sources */ = {isa = PBXBuildFile; fileRef = BEBF1FE72E666ECEFDF7C01F /* DofficeServer.swift */; };
		E0053395DCBDCF99E826AD80 /* NewTabSheet.swift in Sources */ = {isa = PBXBuildFile; fileRef = 113C67A9C2E4D6BCE96C357C /* NewTabSheet.swift */; };
		E304973E31AFB44D274D0789 /* PluginPanelView.swift in Sources */ = {isa = PBXBuildFile; fileRef = 5A3E22757E463B51379BD014 /* PluginPanelView.swift */; };
		E5BADDC9A295FD0B2979DD1B /* ToolOutputBlockView.swift in Sources */ = {isa = PBXBuildFile; fileRef = 387511A5DD71BF247DCDCE58 /* ToolOutputBlockView.swift */; };
		E74EA8FE5411A7122E1D1F06 /* BrowserView.swift in Sources */ = {isa = PBXBuildFile; fileRef = F0460D0B357A0C9E135657A4 /* BrowserView.swift */; };
		ECA7D48EB70906274B90FAF8 /* PluginManager.swift in Sources */ = {isa = PBXBuildFile; fileRef = 9CE10EC41325C77C54B0E02C /* PluginManager.swift */; };
		F69B18EFEEA96A75D1B506B2 /* BackgroundThemeAndFurniture.swift in Sources */ = {isa = PBXBuildFile; fileRef = 46F4BB824446079FF0C01AE7 /* BackgroundThemeAndFurniture.swift */; };
		FC0245DC8085B250D20ED128 /* NewTabTrustPrompt.swift in Sources */ = {isa = PBXBuildFile; fileRef = 3245102F51E32503074BAE27 /* NewTabTrustPrompt.swift */; };
		FE963D6E6599C0D144C3A09B /* TerminalTabShellTests.swift in Sources */ = {isa = PBXBuildFile; fileRef = 8C7D5A891A6C16502DCDDA4E /* TerminalTabShellTests.swift */; };
/* End PBXBuildFile section */

/* Begin PBXContainerItemProxy section */
		ADD82BC8AF81EFC8D8EDA6F4 /* PBXContainerItemProxy */ = {
			isa = PBXContainerItemProxy;
			containerPortal = 6AEE72F920591BBB91153613 /* Project object */;
			proxyType = 1;
			remoteGlobalIDString = C63427D1435895CE6A3A3437;
			remoteInfo = DofficeKit;
		};
/* End PBXContainerItemProxy section */

/* Begin PBXCopyFilesBuildPhase section */
		6CBD8780A1CC3F071C787960 /* Embed Frameworks */ = {
			isa = PBXCopyFilesBuildPhase;
			buildActionMask = 2147483647;
			dstPath = "";
			dstSubfolderSpec = 10;
			files = (
			);
			name = "Embed Frameworks";
			runOnlyForDeploymentPostprocessing = 0;
		};
		8A391201C3FB1A28B8D2F4A5 /* Dependencies */ = {
			isa = PBXCopyFilesBuildPhase;
			buildActionMask = 8;
			dstSubfolderSpec = 16;
			files = (
				C7163A3138D42C818F8C69C5 /* DesignSystem.framework in Dependencies */,
			);
			name = Dependencies;
			runOnlyForDeploymentPostprocessing = 1;
		};
		A67940A82E22FD895A01AF20 /* Embed Frameworks */ = {
			isa = PBXCopyFilesBuildPhase;
			buildActionMask = 2147483647;
			dstPath = "";
			dstSubfolderSpec = 10;
			files = (
			);
			name = "Embed Frameworks";
			runOnlyForDeploymentPostprocessing = 0;
		};
/* End PBXCopyFilesBuildPhase section */

/* Begin PBXFileReference section */
		022D6846C91E0677256E1641 /* CommandSuggestionsView.swift */ = {isa = PBXFileReference; lastKnownFileType = sourcecode.swift; path = CommandSuggestionsView.swift; sourceTree = "<group>"; };
		099C6D2BC03D02EBF91D3AA4 /* SlashCommands.swift */ = {isa = PBXFileReference; lastKnownFileType = sourcecode.swift; path = SlashCommands.swift; sourceTree = "<group>"; };
		105694BC93FEA3524B378B55 /* GitPanelView.swift */ = {isa = PBXFileReference; lastKnownFileType = sourcecode.swift; path = GitPanelView.swift; sourceTree = "<group>"; };
		113C67A9C2E4D6BCE96C357C /* NewTabSheet.swift */ = {isa = PBXFileReference; lastKnownFileType = sourcecode.swift; path = NewTabSheet.swift; sourceTree = "<group>"; };
		13C9E3114EA6A8EFE6F30EA8 /* OfficeMap.swift */ = {isa = PBXFileReference; lastKnownFileType = sourcecode.swift; path = OfficeMap.swift; sourceTree = "<group>"; };
		16A43EE291A91F72068A199B /* SleepWorkSetupSheet.swift */ = {isa = PBXFileReference; lastKnownFileType = sourcecode.swift; path = SleepWorkSetupSheet.swift; sourceTree = "<group>"; };
		21B9585D92EDAFFA311E316E /* SessionManager+Automation.swift */ = {isa = PBXFileReference; lastKnownFileType = sourcecode.swift; path = "SessionManager+Automation.swift"; sourceTree = "<group>"; };
		23FB4AFB84C6A169FAF0C732 /* AccessoryPixelFurniture.swift */ = {isa = PBXFileReference; lastKnownFileType = sourcecode.swift; path = AccessoryPixelFurniture.swift; sourceTree = "<group>"; };
		25826EE7379F37D60AF8DB13 /* TerminalAreaView.swift */ = {isa = PBXFileReference; lastKnownFileType = sourcecode.swift; path = TerminalAreaView.swift; sourceTree = "<group>"; };
		275956D2515C2FE7EBD2CA10 /* EventStreamInputBar.swift */ = {isa = PBXFileReference; lastKnownFileType = sourcecode.swift; path = EventStreamInputBar.swift; sourceTree = "<group>"; };
		2C2905D010FE232CFC2DF380 /* GridPanelView.swift */ = {isa = PBXFileReference; lastKnownFileType = sourcecode.swift; path = GridPanelView.swift; sourceTree = "<group>"; };
		30E6E557538644E5244CE85A /* DesignSystem.framework */ = {isa = PBXFileReference; explicitFileType = wrapper.framework; includeInIndex = 0; path = DesignSystem.framework; sourceTree = BUILT_PRODUCTS_DIR; };
		31316FF4E6F8703FFB8FFE55 /* TerminalTab+StreamParser.swift */ = {isa = PBXFileReference; lastKnownFileType = sourcecode.swift; path = "TerminalTab+StreamParser.swift"; sourceTree = "<group>"; };
		3245102F51E32503074BAE27 /* NewTabTrustPrompt.swift */ = {isa = PBXFileReference; lastKnownFileType = sourcecode.swift; path = NewTabTrustPrompt.swift; sourceTree = "<group>"; };
		36C014C26EF8B6FA44A4933F /* CharacterRegistry.swift */ = {isa = PBXFileReference; lastKnownFileType = sourcecode.swift; path = CharacterRegistry.swift; sourceTree = "<group>"; };
		383757B1F303D2367F418FD8 /* SessionManager.swift */ = {isa = PBXFileReference; lastKnownFileType = sourcecode.swift; path = SessionManager.swift; sourceTree = "<group>"; };
		383CE44E06A2D8FB89FBA761 /* MarkdownTextView.swift */ = {isa = PBXFileReference; lastKnownFileType = sourcecode.swift; path = MarkdownTextView.swift; sourceTree = "<group>"; };
		387511A5DD71BF247DCDCE58 /* ToolOutputBlockView.swift */ = {isa = PBXFileReference; lastKnownFileType = sourcecode.swift; path = ToolOutputBlockView.swift; sourceTree = "<group>"; };
		42CD351428B67F05D10EF334 /* OfficeLayoutStore.swift */ = {isa = PBXFileReference; lastKnownFileType = sourcecode.swift; path = OfficeLayoutStore.swift; sourceTree = "<group>"; };
		43DCBF9CA5FC57EEFDA2D48B /* ApprovalSheet.swift */ = {isa = PBXFileReference; lastKnownFileType = sourcecode.swift; path = ApprovalSheet.swift; sourceTree = "<group>"; };
		452E78F7F8CDA83344259046 /* CustomSessionPreset.swift */ = {isa = PBXFileReference; lastKnownFileType = sourcecode.swift; path = CustomSessionPreset.swift; sourceTree = "<group>"; };
		46F4BB824446079FF0C01AE7 /* BackgroundThemeAndFurniture.swift */ = {isa = PBXFileReference; lastKnownFileType = sourcecode.swift; path = BackgroundThemeAndFurniture.swift; sourceTree = "<group>"; };
		48D8E313A8E6D95B385784AC /* OfficeSpriteRenderer+Floor.swift */ = {isa = PBXFileReference; lastKnownFileType = sourcecode.swift; path = "OfficeSpriteRenderer+Floor.swift"; sourceTree = "<group>"; };
		49A0261FD14FFD717416A776 /* DofficeKitTests-Info.plist */ = {isa = PBXFileReference; lastKnownFileType = text.plist; path = "DofficeKitTests-Info.plist"; sourceTree = "<group>"; };
		4B9C713A4F6AA0E5DC1747AD /* TokenTracker.swift */ = {isa = PBXFileReference; lastKnownFileType = sourcecode.swift; path = TokenTracker.swift; sourceTree = "<group>"; };
		4FD17D940D71E64DCA2C94DC /* OfficeTypes.swift */ = {isa = PBXFileReference; lastKnownFileType = sourcecode.swift; path = OfficeTypes.swift; sourceTree = "<group>"; };
		5871F30CB659A5B39E1EF635 /* NewTabSessionConfig.swift */ = {isa = PBXFileReference; lastKnownFileType = sourcecode.swift; path = NewTabSessionConfig.swift; sourceTree = "<group>"; };
		5930BDA47963016A3958CAE5 /* TerminalTab.swift */ = {isa = PBXFileReference; lastKnownFileType = sourcecode.swift; path = TerminalTab.swift; sourceTree = "<group>"; };
		59FEAD69BEF82B8B1A800E86 /* GitPanelDetail.swift */ = {isa = PBXFileReference; lastKnownFileType = sourcecode.swift; path = GitPanelDetail.swift; sourceTree = "<group>"; };
		5A3E22757E463B51379BD014 /* PluginPanelView.swift */ = {isa = PBXFileReference; lastKnownFileType = sourcecode.swift; path = PluginPanelView.swift; sourceTree = "<group>"; };
		5B4D34FFF3BDDC3912C389F1 /* TerminalTab+BlockManagement.swift */ = {isa = PBXFileReference; lastKnownFileType = sourcecode.swift; path = "TerminalTab+BlockManagement.swift"; sourceTree = "<group>"; };
		5F0CCD8408A4C100FF0F4CD7 /* TerminalTab+Prompt.swift */ = {isa = PBXFileReference; lastKnownFileType = sourcecode.swift; path = "TerminalTab+Prompt.swift"; sourceTree = "<group>"; };
		6616C6FE4D5C904DB1712520 /* SessionStore.swift */ = {isa = PBXFileReference; lastKnownFileType = sourcecode.swift; path = SessionStore.swift; sourceTree = "<group>"; };
		6DB41CE6D1F5D7BA4555D5B5 /* SavePresetSheet.swift */ = {isa = PBXFileReference; lastKnownFileType = sourcecode.swift; path = SavePresetSheet.swift; sourceTree = "<group>"; };
		6E49873ADBA3242ABFBBF30F /* CLIInstallCheckerTests.swift */ = {isa = PBXFileReference; lastKnownFileType = sourcecode.swift; path = CLIInstallCheckerTests.swift; sourceTree = "<group>"; };
		6E83BDCB785E0164FB219A47 /* VT100Terminal.swift */ = {isa = PBXFileReference; lastKnownFileType = sourcecode.swift; path = VT100Terminal.swift; sourceTree = "<group>"; };
		6F968686C383194D18360173 /* NewSessionTypes.swift */ = {isa = PBXFileReference; lastKnownFileType = sourcecode.swift; path = NewSessionTypes.swift; sourceTree = "<group>"; };
		71CEF881DFECF02A0AF191EC /* TokenTrackerTests.swift */ = {isa = PBXFileReference; lastKnownFileType = sourcecode.swift; path = TokenTrackerTests.swift; sourceTree = "<group>"; };
		769E24DD75FF40DA25618AA3 /* GitPanelActions.swift */ = {isa = PBXFileReference; lastKnownFileType = sourcecode.swift; path = GitPanelActions.swift; sourceTree = "<group>"; };
		77F605ED3D5C36A312156DDA /* GitDataProvider.swift */ = {isa = PBXFileReference; lastKnownFileType = sourcecode.swift; path = GitDataProvider.swift; sourceTree = "<group>"; };
		78CC974391AC1CEFCD2F6A2C /* PluginEffectEngine.swift */ = {isa = PBXFileReference; lastKnownFileType = sourcecode.swift; path = PluginEffectEngine.swift; sourceTree = "<group>"; };
		78DA9BC2A913589013F50008 /* StreamBlock.swift */ = {isa = PBXFileReference; lastKnownFileType = sourcecode.swift; path = StreamBlock.swift; sourceTree = "<group>"; };
		78E5A63D33DA3441F15F43B3 /* StreamBlockTests.swift */ = {isa = PBXFileReference; lastKnownFileType = sourcecode.swift; path = StreamBlockTests.swift; sourceTree = "<group>"; };
		7979015CFCA320FE91F2556F /* SwiftTermBridge.swift */ = {isa = PBXFileReference; lastKnownFileType = sourcecode.swift; path = SwiftTermBridge.swift; sourceTree = "<group>"; };
		7FC2E87FD0BBA408A7BF831F /* GitPanelCenter.swift */ = {isa = PBXFileReference; lastKnownFileType = sourcecode.swift; path = GitPanelCenter.swift; sourceTree = "<group>"; };
		8250536E801349CC5A5A027E /* CLIInstallChecker.swift */ = {isa = PBXFileReference; lastKnownFileType = sourcecode.swift; path = CLIInstallChecker.swift; sourceTree = "<group>"; };
		8278DDFD56B6FF1B27D4BB0B /* TerminalTabStatusTests.swift */ = {isa = PBXFileReference; lastKnownFileType = sourcecode.swift; path = TerminalTabStatusTests.swift; sourceTree = "<group>"; };
		86B18F901E950A6DDDF342F8 /* TerminalTabBlockTests.swift */ = {isa = PBXFileReference; lastKnownFileType = sourcecode.swift; path = TerminalTabBlockTests.swift; sourceTree = "<group>"; };
		8C25A840A7F8DEA88708A4FA /* OfficeSpriteRenderer.swift */ = {isa = PBXFileReference; lastKnownFileType = sourcecode.swift; path = OfficeSpriteRenderer.swift; sourceTree = "<group>"; };
		8C7D5A891A6C16502DCDDA4E /* TerminalTabShellTests.swift */ = {isa = PBXFileReference; lastKnownFileType = sourcecode.swift; path = TerminalTabShellTests.swift; sourceTree = "<group>"; };
		8CF58704DA3B4545F702BAFE /* PixelStripView.swift */ = {isa = PBXFileReference; lastKnownFileType = sourcecode.swift; path = PixelStripView.swift; sourceTree = "<group>"; };
		8E33D88BD1EAAFAB7D39404C /* PluginEventTypes.swift */ = {isa = PBXFileReference; lastKnownFileType = sourcecode.swift; path = PluginEventTypes.swift; sourceTree = "<group>"; };
		90834FF30CEC139C5949474D /* ShortcutManager.swift */ = {isa = PBXFileReference; lastKnownFileType = sourcecode.swift; path = ShortcutManager.swift; sourceTree = "<group>"; };
		92F82F2ADF8BB95A472D83BB /* DofficeKit.framework */ = {isa = PBXFileReference; explicitFileType = wrapper.framework; includeInIndex = 0; path = DofficeKit.framework; sourceTree = BUILT_PRODUCTS_DIR; };
		93502233D4AADB61D1DB7D98 /* DofficeKitTests.xctest */ = {isa = PBXFileReference; explicitFileType = wrapper.cfbundle; includeInIndex = 0; path = DofficeKitTests.xctest; sourceTree = BUILT_PRODUCTS_DIR; };
		93A90C0EF99D11A72257F956 /* CoreTests.swift */ = {isa = PBXFileReference; lastKnownFileType = sourcecode.swift; path = CoreTests.swift; sourceTree = "<group>"; };
		9CE10EC41325C77C54B0E02C /* PluginManager.swift */ = {isa = PBXFileReference; lastKnownFileType = sourcecode.swift; path = PluginManager.swift; sourceTree = "<group>"; };
		A04847A3A51A160574EEF379 /* SessionManager+Search.swift */ = {isa = PBXFileReference; lastKnownFileType = sourcecode.swift; path = "SessionManager+Search.swift"; sourceTree = "<group>"; };
		A1371D4FB216D9ECEAD571FD /* WorkerTypes.swift */ = {isa = PBXFileReference; lastKnownFileType = sourcecode.swift; path = WorkerTypes.swift; sourceTree = "<group>"; };
		A334ABF55DDE3DD6D4E9396C /* OfficeSpriteRenderer+Walls.swift */ = {isa = PBXFileReference; lastKnownFileType = sourcecode.swift; path = "OfficeSpriteRenderer+Walls.swift"; sourceTree = "<group>"; };
		A7A424148F8BB7E6771ABC84 /* AchievementManager.swift */ = {isa = PBXFileReference; lastKnownFileType = sourcecode.swift; path = AchievementManager.swift; sourceTree = "<group>"; };
		A897C5160FB0EB97E9B2DB3B /* SessionTypes.swift */ = {isa = PBXFileReference; lastKnownFileType = sourcecode.swift; path = SessionTypes.swift; sourceTree = "<group>"; };
		AA243BC958FDC88CBBEE126F /* GameSystem.swift */ = {isa = PBXFileReference; lastKnownFileType = sourcecode.swift; path = GameSystem.swift; sourceTree = "<group>"; };
		AE9D1D1586829D618F7D6E0D /* TerminalTab+Status.swift */ = {isa = PBXFileReference; lastKnownFileType = sourcecode.swift; path = "TerminalTab+Status.swift"; sourceTree = "<group>"; };
		B7488790E6E20581A7C3D7FA /* ClaudeUsageFetcher.swift */ = {isa = PBXFileReference; lastKnownFileType = sourcecode.swift; path = ClaudeUsageFetcher.swift; sourceTree = "<group>"; };
		B7DCE7C8DFD4C5D8835D14AD /* EmptySessionView.swift */ = {isa = PBXFileReference; lastKnownFileType = sourcecode.swift; path = EmptySessionView.swift; sourceTree = "<group>"; };
		BAFB4B8FE31BB817A1554FA1 /* OfficeSpriteRenderer+Scene.swift */ = {isa = PBXFileReference; lastKnownFileType = sourcecode.swift; path = "OfficeSpriteRenderer+Scene.swift"; sourceTree = "<group>"; };
		BEBF1FE72E666ECEFDF7C01F /* DofficeServer.swift */ = {isa = PBXFileReference; lastKnownFileType = sourcecode.swift; path = DofficeServer.swift; sourceTree = "<group>"; };
		C21976BC271D1A30C0D37313 /* DofficeKit-Info.plist */ = {isa = PBXFileReference; lastKnownFileType = text.plist; path = "DofficeKit-Info.plist"; sourceTree = "<group>"; };
		C2AF7BF515BCE2A2479327A1 /* SensitiveFileShield.swift */ = {isa = PBXFileReference; lastKnownFileType = sourcecode.swift; path = SensitiveFileShield.swift; sourceTree = "<group>"; };
		C47B26359C30998C6540F76D /* SessionManager+ProcessDetection.swift */ = {isa = PBXFileReference; lastKnownFileType = sourcecode.swift; path = "SessionManager+ProcessDetection.swift"; sourceTree = "<group>"; };
		CB94DEA580B511D31BA90467 /* DangerousCommandDetector.swift */ = {isa = PBXFileReference; lastKnownFileType = sourcecode.swift; path = DangerousCommandDetector.swift; sourceTree = "<group>"; };
		CCB95988DC3F0D3A1D13B0A3 /* GameTypes.swift */ = {isa = PBXFileReference; lastKnownFileType = sourcecode.swift; path = GameTypes.swift; sourceTree = "<group>"; };
		CF6CC9F764ED77B88CE7636B /* PromptFavorites.swift */ = {isa = PBXFileReference; lastKnownFileType = sourcecode.swift; path = PromptFavorites.swift; sourceTree = "<group>"; };
		CFA5F4FF51F9189211AE4A89 /* AgentEnums.swift */ = {isa = PBXFileReference; lastKnownFileType = sourcecode.swift; path = AgentEnums.swift; sourceTree = "<group>"; };
		D0CAC4FD59C9A84425FE4710 /* OfficeSpriteRenderer+Overlays.swift */ = {isa = PBXFileReference; lastKnownFileType = sourcecode.swift; path = "OfficeSpriteRenderer+Overlays.swift"; sourceTree = "<group>"; };
		D20088F93DBF4563FC888A6F /* OfficeSpriteData.swift */ = {isa = PBXFileReference; lastKnownFileType = sourcecode.swift; path = OfficeSpriteData.swift; sourceTree = "<group>"; };
		D3F7C4B8F0F0E9DF9787E1C8 /* SessionManager+PromptBuilder.swift */ = {isa = PBXFileReference; lastKnownFileType = sourcecode.swift; path = "SessionManager+PromptBuilder.swift"; sourceTree = "<group>"; };
		D49B9961EC715276486F0836 /* GitPanelSidebar.swift */ = {isa = PBXFileReference; lastKnownFileType = sourcecode.swift; path = GitPanelSidebar.swift; sourceTree = "<group>"; };
		D4DA3DD3A30AAEC14C34C18E /* OfficeSceneView.swift */ = {isa = PBXFileReference; lastKnownFileType = sourcecode.swift; path = OfficeSceneView.swift; sourceTree = "<group>"; };
		D9DEA0DF1E8713C6F588544F /* EventStreamView.swift */ = {isa = PBXFileReference; lastKnownFileType = sourcecode.swift; path = EventStreamView.swift; sourceTree = "<group>"; };
		DC7608ED5C0270B5A74F9F96 /* AgentRingView.swift */ = {isa = PBXFileReference; lastKnownFileType = sourcecode.swift; path = AgentRingView.swift; sourceTree = "<group>"; };
		E54030129056009C5D5CD2E8 /* AgentEnumTests.swift */ = {isa = PBXFileReference; lastKnownFileType = sourcecode.swift; path = AgentEnumTests.swift; sourceTree = "<group>"; };
		E8237C733585708D6F97A46B /* EventBlockView.swift */ = {isa = PBXFileReference; lastKnownFileType = sourcecode.swift; path = EventBlockView.swift; sourceTree = "<group>"; };
		E88D65235612F3350B6F7C6F /* CharacterSystem.swift */ = {isa = PBXFileReference; lastKnownFileType = sourcecode.swift; path = CharacterSystem.swift; sourceTree = "<group>"; };
		EA1ECF9B5468EE789D6C8F93 /* OfficeCharacterController.swift */ = {isa = PBXFileReference; lastKnownFileType = sourcecode.swift; path = OfficeCharacterController.swift; sourceTree = "<group>"; };
		EC8ED477AAF1A46242EF2048 /* AuditLog.swift */ = {isa = PBXFileReference; lastKnownFileType = sourcecode.swift; path = AuditLog.swift; sourceTree = "<group>"; };
		ED37E8C7942118A70379ED75 /* OfficeSceneSupport.swift */ = {isa = PBXFileReference; lastKnownFileType = sourcecode.swift; path = OfficeSceneSupport.swift; sourceTree = "<group>"; };
		F0460D0B357A0C9E135657A4 /* BrowserView.swift */ = {isa = PBXFileReference; lastKnownFileType = sourcecode.swift; path = BrowserView.swift; sourceTree = "<group>"; };
		F0ED5303B7DDCCCB81BC44D8 /* ProcessingIndicator.swift */ = {isa = PBXFileReference; lastKnownFileType = sourcecode.swift; path = ProcessingIndicator.swift; sourceTree = "<group>"; };
		F5AAFBA393B74FEDE8062302 /* SessionPersistenceTests.swift */ = {isa = PBXFileReference; lastKnownFileType = sourcecode.swift; path = SessionPersistenceTests.swift; sourceTree = "<group>"; };
		FC4276093C3C72F78D948E49 /* PluginManifest.swift */ = {isa = PBXFileReference; lastKnownFileType = sourcecode.swift; path = PluginManifest.swift; sourceTree = "<group>"; };
		FF5CB2F4D56270AAF5642109 /* SessionManager+Persistence.swift */ = {isa = PBXFileReference; lastKnownFileType = sourcecode.swift; path = "SessionManager+Persistence.swift"; sourceTree = "<group>"; };
		FF63DB2D607C39538B24A2C5 /* UpdateChecker.swift */ = {isa = PBXFileReference; lastKnownFileType = sourcecode.swift; path = UpdateChecker.swift; sourceTree = "<group>"; };
		FF99C270FF8EAFB847CBCC0E /* HistoryPanelView.swift */ = {isa = PBXFileReference; lastKnownFileType = sourcecode.swift; path = HistoryPanelView.swift; sourceTree = "<group>"; };
/* End PBXFileReference section */

/* Begin PBXFrameworksBuildPhase section */
		3F06F6BB247520FA56631BE5 /* Frameworks */ = {
			isa = PBXFrameworksBuildPhase;
			buildActionMask = 2147483647;
			files = (
				886A2E644751BBFF063D021F /* DesignSystem.framework in Frameworks */,
				404855DB1B5FE23A2E73B498 /* DofficeKit.framework in Frameworks */,
			);
			runOnlyForDeploymentPostprocessing = 0;
		};
		DE2BB201FD66064A11B313D0 /* Frameworks */ = {
			isa = PBXFrameworksBuildPhase;
			buildActionMask = 2147483647;
			files = (
				D1FF9A48009D4D92BA71A2E6 /* SwiftTerm in Frameworks */,
				57168C23981D84D35E5B0911 /* OrderedCollections in Frameworks */,
			);
			runOnlyForDeploymentPostprocessing = 0;
		};
/* End PBXFrameworksBuildPhase section */

/* Begin PBXGroup section */
		135179E03F6988013C751AF6 /* Frameworks */ = {
			isa = PBXGroup;
			children = (
			);
			name = Frameworks;
			sourceTree = "<group>";
		};
		21B44FE84D9BAD37936460BE /* InfoPlists */ = {
			isa = PBXGroup;
			children = (
				C21976BC271D1A30C0D37313 /* DofficeKit-Info.plist */,
				49A0261FD14FFD717416A776 /* DofficeKitTests-Info.plist */,
			);
			path = InfoPlists;
			sourceTree = "<group>";
		};
		532A71725191FDB1540D1C4E /* Models */ = {
			isa = PBXGroup;
			children = (
				CFA5F4FF51F9189211AE4A89 /* AgentEnums.swift */,
				B7488790E6E20581A7C3D7FA /* ClaudeUsageFetcher.swift */,
				8250536E801349CC5A5A027E /* CLIInstallChecker.swift */,
				A897C5160FB0EB97E9B2DB3B /* SessionTypes.swift */,
				78DA9BC2A913589013F50008 /* StreamBlock.swift */,
				5930BDA47963016A3958CAE5 /* TerminalTab.swift */,
				5B4D34FFF3BDDC3912C389F1 /* TerminalTab+BlockManagement.swift */,
				5F0CCD8408A4C100FF0F4CD7 /* TerminalTab+Prompt.swift */,
				AE9D1D1586829D618F7D6E0D /* TerminalTab+Status.swift */,
				31316FF4E6F8703FFB8FFE55 /* TerminalTab+StreamParser.swift */,
				4B9C713A4F6AA0E5DC1747AD /* TokenTracker.swift */,
			);
			path = Models;
			sourceTree = "<group>";
		};
		8F61C42DA3D5C910C90A1A26 /* NewTab */ = {
			isa = PBXGroup;
			children = (
				6F968686C383194D18360173 /* NewSessionTypes.swift */,
				5871F30CB659A5B39E1EF635 /* NewTabSessionConfig.swift */,
				113C67A9C2E4D6BCE96C357C /* NewTabSheet.swift */,
				3245102F51E32503074BAE27 /* NewTabTrustPrompt.swift */,
			);
			path = NewTab;
			sourceTree = "<group>";
		};
		90F97ADAFD1F67F4263EBE6C /* Tests */ = {
			isa = PBXGroup;
			children = (
				E54030129056009C5D5CD2E8 /* AgentEnumTests.swift */,
				6E49873ADBA3242ABFBBF30F /* CLIInstallCheckerTests.swift */,
				93A90C0EF99D11A72257F956 /* CoreTests.swift */,
				F5AAFBA393B74FEDE8062302 /* SessionPersistenceTests.swift */,
				78E5A63D33DA3441F15F43B3 /* StreamBlockTests.swift */,
				86B18F901E950A6DDDF342F8 /* TerminalTabBlockTests.swift */,
				8C7D5A891A6C16502DCDDA4E /* TerminalTabShellTests.swift */,
				8278DDFD56B6FF1B27D4BB0B /* TerminalTabStatusTests.swift */,
				71CEF881DFECF02A0AF191EC /* TokenTrackerTests.swift */,
			);
			path = Tests;
			sourceTree = "<group>";
		};
		94967F150A617043C6CE89B4 /* Sources */ = {
			isa = PBXGroup;
			children = (
				532A71725191FDB1540D1C4E /* Models */,
				9637341C38E4DFA66BD68851 /* Views */,
				23FB4AFB84C6A169FAF0C732 /* AccessoryPixelFurniture.swift */,
				A7A424148F8BB7E6771ABC84 /* AchievementManager.swift */,
				EC8ED477AAF1A46242EF2048 /* AuditLog.swift */,
				46F4BB824446079FF0C01AE7 /* BackgroundThemeAndFurniture.swift */,
				F0460D0B357A0C9E135657A4 /* BrowserView.swift */,
				36C014C26EF8B6FA44A4933F /* CharacterRegistry.swift */,
				E88D65235612F3350B6F7C6F /* CharacterSystem.swift */,
				452E78F7F8CDA83344259046 /* CustomSessionPreset.swift */,
				CB94DEA580B511D31BA90467 /* DangerousCommandDetector.swift */,
				BEBF1FE72E666ECEFDF7C01F /* DofficeServer.swift */,
				AA243BC958FDC88CBBEE126F /* GameSystem.swift */,
				CCB95988DC3F0D3A1D13B0A3 /* GameTypes.swift */,
				77F605ED3D5C36A312156DDA /* GitDataProvider.swift */,
				769E24DD75FF40DA25618AA3 /* GitPanelActions.swift */,
				7FC2E87FD0BBA408A7BF831F /* GitPanelCenter.swift */,
				59FEAD69BEF82B8B1A800E86 /* GitPanelDetail.swift */,
				D49B9961EC715276486F0836 /* GitPanelSidebar.swift */,
				105694BC93FEA3524B378B55 /* GitPanelView.swift */,
				EA1ECF9B5468EE789D6C8F93 /* OfficeCharacterController.swift */,
				42CD351428B67F05D10EF334 /* OfficeLayoutStore.swift */,
				13C9E3114EA6A8EFE6F30EA8 /* OfficeMap.swift */,
				ED37E8C7942118A70379ED75 /* OfficeSceneSupport.swift */,
				D4DA3DD3A30AAEC14C34C18E /* OfficeSceneView.swift */,
				D20088F93DBF4563FC888A6F /* OfficeSpriteData.swift */,
				8C25A840A7F8DEA88708A4FA /* OfficeSpriteRenderer.swift */,
				48D8E313A8E6D95B385784AC /* OfficeSpriteRenderer+Floor.swift */,
				D0CAC4FD59C9A84425FE4710 /* OfficeSpriteRenderer+Overlays.swift */,
				BAFB4B8FE31BB817A1554FA1 /* OfficeSpriteRenderer+Scene.swift */,
				A334ABF55DDE3DD6D4E9396C /* OfficeSpriteRenderer+Walls.swift */,
				4FD17D940D71E64DCA2C94DC /* OfficeTypes.swift */,
				8CF58704DA3B4545F702BAFE /* PixelStripView.swift */,
				78CC974391AC1CEFCD2F6A2C /* PluginEffectEngine.swift */,
				8E33D88BD1EAAFAB7D39404C /* PluginEventTypes.swift */,
				9CE10EC41325C77C54B0E02C /* PluginManager.swift */,
				FC4276093C3C72F78D948E49 /* PluginManifest.swift */,
				5A3E22757E463B51379BD014 /* PluginPanelView.swift */,
				CF6CC9F764ED77B88CE7636B /* PromptFavorites.swift */,
				6DB41CE6D1F5D7BA4555D5B5 /* SavePresetSheet.swift */,
				C2AF7BF515BCE2A2479327A1 /* SensitiveFileShield.swift */,
				383757B1F303D2367F418FD8 /* SessionManager.swift */,
				21B9585D92EDAFFA311E316E /* SessionManager+Automation.swift */,
				FF5CB2F4D56270AAF5642109 /* SessionManager+Persistence.swift */,
				C47B26359C30998C6540F76D /* SessionManager+ProcessDetection.swift */,
				D3F7C4B8F0F0E9DF9787E1C8 /* SessionManager+PromptBuilder.swift */,
				A04847A3A51A160574EEF379 /* SessionManager+Search.swift */,
				6616C6FE4D5C904DB1712520 /* SessionStore.swift */,
				90834FF30CEC139C5949474D /* ShortcutManager.swift */,
				7979015CFCA320FE91F2556F /* SwiftTermBridge.swift */,
				FF63DB2D607C39538B24A2C5 /* UpdateChecker.swift */,
				6E83BDCB785E0164FB219A47 /* VT100Terminal.swift */,
				A1371D4FB216D9ECEAD571FD /* WorkerTypes.swift */,
			);
			path = Sources;
			sourceTree = "<group>";
		};
		9637341C38E4DFA66BD68851 /* Views */ = {
			isa = PBXGroup;
			children = (
				D15AD6C2CF1ECD9BBEA2338E /* EventStream */,
				8F61C42DA3D5C910C90A1A26 /* NewTab */,
				DC7608ED5C0270B5A74F9F96 /* AgentRingView.swift */,
				43DCBF9CA5FC57EEFDA2D48B /* ApprovalSheet.swift */,
				B7DCE7C8DFD4C5D8835D14AD /* EmptySessionView.swift */,
				E8237C733585708D6F97A46B /* EventBlockView.swift */,
				D9DEA0DF1E8713C6F588544F /* EventStreamView.swift */,
				2C2905D010FE232CFC2DF380 /* GridPanelView.swift */,
				FF99C270FF8EAFB847CBCC0E /* HistoryPanelView.swift */,
				383CE44E06A2D8FB89FBA761 /* MarkdownTextView.swift */,
				F0ED5303B7DDCCCB81BC44D8 /* ProcessingIndicator.swift */,
				16A43EE291A91F72068A199B /* SleepWorkSetupSheet.swift */,
				25826EE7379F37D60AF8DB13 /* TerminalAreaView.swift */,
				387511A5DD71BF247DCDCE58 /* ToolOutputBlockView.swift */,
			);
			path = Views;
			sourceTree = "<group>";
		};
		ADF72D1455352295C154AAE3 /* Products */ = {
			isa = PBXGroup;
			children = (
				30E6E557538644E5244CE85A /* DesignSystem.framework */,
				92F82F2ADF8BB95A472D83BB /* DofficeKit.framework */,
				93502233D4AADB61D1DB7D98 /* DofficeKitTests.xctest */,
			);
			name = Products;
			sourceTree = "<group>";
		};
		B9101727424D55FAE1B288B5 = {
			isa = PBXGroup;
			children = (
				E0260F76907C17E661AB1B8A /* Project */,
				135179E03F6988013C751AF6 /* Frameworks */,
				ADF72D1455352295C154AAE3 /* Products */,
			);
			sourceTree = "<group>";
		};
		BB336767BF0E5F708390E4C9 /* Derived */ = {
			isa = PBXGroup;
			children = (
				21B44FE84D9BAD37936460BE /* InfoPlists */,
			);
			path = Derived;
			sourceTree = "<group>";
		};
		D15AD6C2CF1ECD9BBEA2338E /* EventStream */ = {
			isa = PBXGroup;
			children = (
				022D6846C91E0677256E1641 /* CommandSuggestionsView.swift */,
				275956D2515C2FE7EBD2CA10 /* EventStreamInputBar.swift */,
				099C6D2BC03D02EBF91D3AA4 /* SlashCommands.swift */,
			);
			path = EventStream;
			sourceTree = "<group>";
		};
		E0260F76907C17E661AB1B8A /* Project */ = {
			isa = PBXGroup;
			children = (
				BB336767BF0E5F708390E4C9 /* Derived */,
				94967F150A617043C6CE89B4 /* Sources */,
				90F97ADAFD1F67F4263EBE6C /* Tests */,
			);
			name = Project;
			sourceTree = "<group>";
		};
/* End PBXGroup section */

/* Begin PBXNativeTarget section */
		C63427D1435895CE6A3A3437 /* DofficeKit */ = {
			isa = PBXNativeTarget;
			buildConfigurationList = E9030ACF87AE1FC56D0A7A63 /* Build configuration list for PBXNativeTarget "DofficeKit" */;
			buildPhases = (
				F75B765BB7229E38D6C9D52D /* Sources */,
				BF7BDD84E8D64278D952A94A /* Resources */,
				A67940A82E22FD895A01AF20 /* Embed Frameworks */,
				DE2BB201FD66064A11B313D0 /* Frameworks */,
				8A391201C3FB1A28B8D2F4A5 /* Dependencies */,
			);
			buildRules = (
			);
			dependencies = (
			);
			name = DofficeKit;
			packageProductDependencies = (
				9D5C2229CC776B62AF642481 /* SwiftTerm */,
				89E6D5A0A35B16F4DE306A1A /* OrderedCollections */,
			);
			productName = DofficeKit;
			productReference = 92F82F2ADF8BB95A472D83BB /* DofficeKit.framework */;
			productType = "com.apple.product-type.framework";
		};
		DEA4B11FDD37F1539F64F721 /* DofficeKitTests */ = {
			isa = PBXNativeTarget;
			buildConfigurationList = DB74148875B49C69EFE0DA21 /* Build configuration list for PBXNativeTarget "DofficeKitTests" */;
			buildPhases = (
				BD7323AFA12A6547D81A142F /* Sources */,
				C70BEA6EA0B6CCAB560AD92B /* Resources */,
				6CBD8780A1CC3F071C787960 /* Embed Frameworks */,
				3F06F6BB247520FA56631BE5 /* Frameworks */,
			);
			buildRules = (
			);
			dependencies = (
				EF2E81849B1F8243D56F8BCF /* PBXTargetDependency */,
			);
			name = DofficeKitTests;
			productName = DofficeKitTests;
			productReference = 93502233D4AADB61D1DB7D98 /* DofficeKitTests.xctest */;
			productType = "com.apple.product-type.bundle.unit-test";
		};
/* End PBXNativeTarget section */

/* Begin PBXProject section */
		6AEE72F920591BBB91153613 /* Project object */ = {
			isa = PBXProject;
			attributes = {
				BuildIndependentTargetsInParallel = YES;
				TargetAttributes = {
				};
			};
			buildConfigurationList = 847E739198CEEB70BC5A2CD8 /* Build configuration list for PBXProject "DofficeKit" */;
			compatibilityVersion = "Xcode 13.0";
			developmentRegion = en;
			hasScannedForEncodings = 0;
			knownRegions = (
				Base,
				en,
			);
			mainGroup = B9101727424D55FAE1B288B5;
			packageReferences = (
				CC7665FAB35CEEC98167E6DF /* XCRemoteSwiftPackageReference "swift-collections" */,
				95BDE3839A3AB6BE2DE2DCE3 /* XCRemoteSwiftPackageReference "SwiftTerm" */,
			);
			productRefGroup = ADF72D1455352295C154AAE3 /* Products */;
			projectDirPath = "";
			projectRoot = "";
			targets = (
				C63427D1435895CE6A3A3437 /* DofficeKit */,
				DEA4B11FDD37F1539F64F721 /* DofficeKitTests */,
			);
		};
/* End PBXProject section */

/* Begin PBXResourcesBuildPhase section */
		BF7BDD84E8D64278D952A94A /* Resources */ = {
			isa = PBXResourcesBuildPhase;
			buildActionMask = 2147483647;
			files = (
			);
			runOnlyForDeploymentPostprocessing = 0;
		};
		C70BEA6EA0B6CCAB560AD92B /* Resources */ = {
			isa = PBXResourcesBuildPhase;
			buildActionMask = 2147483647;
			files = (
			);
			runOnlyForDeploymentPostprocessing = 0;
		};
/* End PBXResourcesBuildPhase section */

/* Begin PBXSourcesBuildPhase section */
		BD7323AFA12A6547D81A142F /* Sources */ = {
			isa = PBXSourcesBuildPhase;
			buildActionMask = 2147483647;
			files = (
				AB43FA64E9C9873617A9D73B /* AgentEnumTests.swift in Sources */,
				631F28A03836EF0B7296F923 /* CLIInstallCheckerTests.swift in Sources */,
				CA91926C141B6B2BBDC7409A /* CoreTests.swift in Sources */,
				03617604FA9122E49D38B667 /* SessionPersistenceTests.swift in Sources */,
				4762B9A3D7A7735EC598B2C2 /* StreamBlockTests.swift in Sources */,
				5B7A3B2AB4671575A21F9D1C /* TerminalTabBlockTests.swift in Sources */,
				FE963D6E6599C0D144C3A09B /* TerminalTabShellTests.swift in Sources */,
				541EB95D97F9530387D14154 /* TerminalTabStatusTests.swift in Sources */,
				D9C7C5042BF4DBFB3806ECF7 /* TokenTrackerTests.swift in Sources */,
			);
			runOnlyForDeploymentPostprocessing = 0;
		};
		F75B765BB7229E38D6C9D52D /* Sources */ = {
			isa = PBXSourcesBuildPhase;
			buildActionMask = 2147483647;
			files = (
				D06282EE6F8030E0FA36595A /* AccessoryPixelFurniture.swift in Sources */,
				2E7B371744735AA232D1DE66 /* AchievementManager.swift in Sources */,
				31A6C13CFDFDA31A7F1BE480 /* AuditLog.swift in Sources */,
				F69B18EFEEA96A75D1B506B2 /* BackgroundThemeAndFurniture.swift in Sources */,
				E74EA8FE5411A7122E1D1F06 /* BrowserView.swift in Sources */,
				29B12DB6C76A7ABED13FFB49 /* CharacterRegistry.swift in Sources */,
				3339C9769F77E08EFF7333CF /* CharacterSystem.swift in Sources */,
				79D654152006C1BD2E85CD72 /* CustomSessionPreset.swift in Sources */,
				1D9E40EE8D7DE6BE2BD0DE82 /* DangerousCommandDetector.swift in Sources */,
				DDCFC77CFA2600D2C1058B36 /* DofficeServer.swift in Sources */,
				7E3301BE9B40315CB08E9F93 /* GameSystem.swift in Sources */,
				A33F549B1B26C352AFB395A3 /* GameTypes.swift in Sources */,
				598841E6D9511FDEF835B2AF /* GitDataProvider.swift in Sources */,
				77453821A7453C0DC75A6DAB /* GitPanelActions.swift in Sources */,
				2676DDD8E916C6AE030C066B /* GitPanelCenter.swift in Sources */,
				9FD761DDBC2FD3FB8E06692C /* GitPanelDetail.swift in Sources */,
				CB1E26E15C022DC15455242C /* GitPanelSidebar.swift in Sources */,
				8B0746758C3AE892DD77E7BA /* GitPanelView.swift in Sources */,
				5CE3F5416C848A3B7D5561F5 /* AgentEnums.swift in Sources */,
				8FC668871A32C0F1D48E9D1B /* CLIInstallChecker.swift in Sources */,
				9CD36584EB660D54FE76B702 /* ClaudeUsageFetcher.swift in Sources */,
				0C3E26FF047F98EAD8EF07A1 /* SessionTypes.swift in Sources */,
				5EC08CEEB204AA821D720E17 /* StreamBlock.swift in Sources */,
				4FFF22EE427F9C6CA528859A /* TerminalTab+BlockManagement.swift in Sources */,
				4431FD2EE4A5FCFCB75C8B75 /* TerminalTab+Prompt.swift in Sources */,
				20D7F9BBB900A1499C34A475 /* TerminalTab+Status.swift in Sources */,
				282EC8AD0060162BD2B54E2B /* TerminalTab+StreamParser.swift in Sources */,
				BDD056FF434D41F755595FDB /* TerminalTab.swift in Sources */,
				A0309349983F0B68848DEC30 /* TokenTracker.swift in Sources */,
				116B3022C0E116A0A23C75E4 /* OfficeCharacterController.swift in Sources */,
				6FB27B754AB3A1C6738895ED /* OfficeLayoutStore.swift in Sources */,
				80F9445210EB1ED48CF0CD6B /* OfficeMap.swift in Sources */,
				B997F9C50E39FD17F4B5CE99 /* OfficeSceneSupport.swift in Sources */,
				7AF83672A75EAD63A6897102 /* OfficeSceneView.swift in Sources */,
				79489FD70019007740D76A1D /* OfficeSpriteData.swift in Sources */,
				D02721955C0685B9A8F7499D /* OfficeSpriteRenderer+Floor.swift in Sources */,
				BC1C7B9F63850501BD573012 /* OfficeSpriteRenderer+Overlays.swift in Sources */,
				94844B529B76B4A508F31C45 /* OfficeSpriteRenderer+Scene.swift in Sources */,
				01E0C699845C2438D521DF84 /* OfficeSpriteRenderer+Walls.swift in Sources */,
				59C9B285FFB5C445894BA583 /* OfficeSpriteRenderer.swift in Sources */,
				73042BE02BE6EB0157001DFA /* OfficeTypes.swift in Sources */,
				B24916D128F7D1EC7E816B99 /* PixelStripView.swift in Sources */,
				7FFA0DA943A6C3EB0B619E6E /* PluginEffectEngine.swift in Sources */,
				9ED8773A47A79BE0C7CE76BA /* PluginEventTypes.swift in Sources */,
				ECA7D48EB70906274B90FAF8 /* PluginManager.swift in Sources */,
				480739E9F70F52E0566541FC /* PluginManifest.swift in Sources */,
				E304973E31AFB44D274D0789 /* PluginPanelView.swift in Sources */,
				3437435DC3BBD434C0D530DD /* PromptFavorites.swift in Sources */,
				10122AD919EB9A2D6F9DA38C /* SavePresetSheet.swift in Sources */,
				7B22444BB1E67ACCC2558911 /* SensitiveFileShield.swift in Sources */,
				BC09CBD14FEB5CF64B52D355 /* SessionManager+Automation.swift in Sources */,
				B383A82E0DE766205DD55B58 /* SessionManager+Persistence.swift in Sources */,
				1A440B59E84390BB625562C4 /* SessionManager+ProcessDetection.swift in Sources */,
				66A6D1316A1296DBA929924A /* SessionManager+PromptBuilder.swift in Sources */,
				B02151DBDBC8335977763DD0 /* SessionManager+Search.swift in Sources */,
				5105941BF8984B27A7BA34D7 /* SessionManager.swift in Sources */,
				6F89A98DADDD32952EDD1075 /* SessionStore.swift in Sources */,
				6712C4D1D1FEC6027005AFA7 /* ShortcutManager.swift in Sources */,
				6A46404BA98A1698D6D58A68 /* SwiftTermBridge.swift in Sources */,
				37876521678858FDD3C2A5C7 /* UpdateChecker.swift in Sources */,
				AAD1C302B4EEF79608A19844 /* VT100Terminal.swift in Sources */,
				C33921B7CE737F226C10ABF9 /* AgentRingView.swift in Sources */,
				33AAEE3E191B444BA03DD6CE /* ApprovalSheet.swift in Sources */,
				236E45234E77B5DD0947231A /* EmptySessionView.swift in Sources */,
				2AB9AF136B33987DEA22A123 /* EventBlockView.swift in Sources */,
				961179B8BBA4156BDC04AEEE /* CommandSuggestionsView.swift in Sources */,
				A927884A0A9DE715D1CDDAA4 /* EventStreamInputBar.swift in Sources */,
				CD852A9A7032106D72C650F3 /* SlashCommands.swift in Sources */,
				97E48F4EBFBE400292FE703F /* EventStreamView.swift in Sources */,
				84DCC4802DE9AD1D80EDDB42 /* GridPanelView.swift in Sources */,
				926F9191C7C1AB6C3997C467 /* HistoryPanelView.swift in Sources */,
				B83B423D48A4997A7916B3CB /* MarkdownTextView.swift in Sources */,
				0FFDB2EC93CDE06B09B02ABC /* NewSessionTypes.swift in Sources */,
				93B4CC169B123F137A54CAD4 /* NewTabSessionConfig.swift in Sources */,
				E0053395DCBDCF99E826AD80 /* NewTabSheet.swift in Sources */,
				FC0245DC8085B250D20ED128 /* NewTabTrustPrompt.swift in Sources */,
				5A2565A2AC42E131909643DC /* ProcessingIndicator.swift in Sources */,
				4FE2CF0817D860543D83F7AE /* SleepWorkSetupSheet.swift in Sources */,
				C154D76B23A53E3D101F77D6 /* TerminalAreaView.swift in Sources */,
				E5BADDC9A295FD0B2979DD1B /* ToolOutputBlockView.swift in Sources */,
				5FF24262C04A55B06CAE7EFF /* WorkerTypes.swift in Sources */,
			);
			runOnlyForDeploymentPostprocessing = 0;
		};
/* End PBXSourcesBuildPhase section */

/* Begin PBXTargetDependency section */
		EF2E81849B1F8243D56F8BCF /* PBXTargetDependency */ = {
			isa = PBXTargetDependency;
			name = DofficeKit;
			target = C63427D1435895CE6A3A3437 /* DofficeKit */;
			targetProxy = ADD82BC8AF81EFC8D8EDA6F4 /* PBXContainerItemProxy */;
		};
/* End PBXTargetDependency section */

/* Begin XCBuildConfiguration section */
		49FFFC916522A0A8864FE810 /* Debug */ = {
			isa = XCBuildConfiguration;
			buildSettings = {
				CODE_SIGN_IDENTITY = "";
				COMBINE_HIDPI_IMAGES = YES;
				CURRENT_PROJECT_VERSION = 1;
				DEFINES_MODULE = YES;
				DYLIB_COMPATIBILITY_VERSION = 1;
				DYLIB_CURRENT_VERSION = 1;
				DYLIB_INSTALL_NAME_BASE = "@rpath";
				FRAMEWORK_VERSION = A;
				INFOPLIST_FILE = "Derived/InfoPlists/DofficeKit-Info.plist";
				INSTALL_PATH = "$(LOCAL_LIBRARY_DIR)/Frameworks";
				LD_RUNPATH_SEARCH_PATHS = (
					"$(inherited)",
					"@executable_path/../Frameworks",
					"@loader_path/../Frameworks",
				);
				MACH_O_TYPE = staticlib;
				MACOSX_DEPLOYMENT_TARGET = 14.0;
				PRODUCT_BUNDLE_IDENTIFIER = com.junha.doffice.kit;
				PRODUCT_NAME = DofficeKit;
				SDKROOT = macosx;
				SKIP_INSTALL = YES;
				SWIFT_ACTIVE_COMPILATION_CONDITIONS = DEBUG;
				SWIFT_COMPILATION_MODE = singlefile;
				SWIFT_OPTIMIZATION_LEVEL = "-Onone";
				SWIFT_VERSION = 5.0;
				VERSIONING_SYSTEM = "apple-generic";
				VERSION_INFO_PREFIX = "";
			};
			name = Debug;
		};
		4DCE7F38BA8E57F2AE47A94D /* Debug */ = {
			isa = XCBuildConfiguration;
			buildSettings = {
				CODE_SIGN_IDENTITY = "-";
				INFOPLIST_FILE = "Derived/InfoPlists/DofficeKitTests-Info.plist";
				LD_RUNPATH_SEARCH_PATHS = (
					"$(inherited)",
					"@executable_path/../Frameworks",
					"@loader_path/../Frameworks",
				);
				MACOSX_DEPLOYMENT_TARGET = 14.0;
				PRODUCT_BUNDLE_IDENTIFIER = com.junha.doffice.kit.tests;
				PRODUCT_NAME = DofficeKitTests;
				SDKROOT = macosx;
				SWIFT_ACTIVE_COMPILATION_CONDITIONS = DEBUG;
				SWIFT_COMPILATION_MODE = singlefile;
				SWIFT_OPTIMIZATION_LEVEL = "-Onone";
				SWIFT_VERSION = 5.0;
			};
			name = Debug;
		};
		94BF43D18CA4B253D0BF060B /* Release */ = {
			isa = XCBuildConfiguration;
			buildSettings = {
				CODE_SIGN_IDENTITY = "-";
				INFOPLIST_FILE = "Derived/InfoPlists/DofficeKitTests-Info.plist";
				LD_RUNPATH_SEARCH_PATHS = (
					"$(inherited)",
					"@executable_path/../Frameworks",
					"@loader_path/../Frameworks",
				);
				MACOSX_DEPLOYMENT_TARGET = 14.0;
				PRODUCT_BUNDLE_IDENTIFIER = com.junha.doffice.kit.tests;
				PRODUCT_NAME = DofficeKitTests;
				SDKROOT = macosx;
				SWIFT_COMPILATION_MODE = wholemodule;
				SWIFT_OPTIMIZATION_LEVEL = "-Owholemodule";
				SWIFT_VERSION = 5.0;
			};
			name = Release;
		};
		A7F8D57CB0F7D7F17C060350 /* Debug */ = {
			isa = XCBuildConfiguration;
			buildSettings = {
				ALWAYS_SEARCH_USER_PATHS = NO;
				CLANG_ANALYZER_LOCALIZABILITY_NONLOCALIZED = YES;
				CLANG_ANALYZER_NONNULL = YES;
				CLANG_ANALYZER_NUMBER_OBJECT_CONVERSION = YES_AGGRESSIVE;
				CLANG_CXX_LANGUAGE_STANDARD = "gnu++14";
				CLANG_CXX_LIBRARY = "libc++";
				CLANG_ENABLE_MODULES = YES;
				CLANG_ENABLE_OBJC_ARC = YES;
				CLANG_ENABLE_OBJC_WEAK = YES;
				CLANG_WARN_BLOCK_CAPTURE_AUTORELEASING = YES;
				CLANG_WARN_BOOL_CONVERSION = YES;
				CLANG_WARN_COMMA = YES;
				CLANG_WARN_CONSTANT_CONVERSION = YES;
				CLANG_WARN_DEPRECATED_OBJC_IMPLEMENTATIONS = YES;
				CLANG_WARN_DIRECT_OBJC_ISA_USAGE = YES_ERROR;
				CLANG_WARN_DOCUMENTATION_COMMENTS = YES;
				CLANG_WARN_EMPTY_BODY = YES;
				CLANG_WARN_ENUM_CONVERSION = YES;
				CLANG_WARN_INFINITE_RECURSION = YES;
				CLANG_WARN_INT_CONVERSION = YES;
				CLANG_WARN_NON_LITERAL_NULL_CONVERSION = YES;
				CLANG_WARN_OBJC_IMPLICIT_RETAIN_SELF = YES;
				CLANG_WARN_OBJC_LITERAL_CONVERSION = YES;
				CLANG_WARN_OBJC_ROOT_CLASS = YES_ERROR;
				CLANG_WARN_QUOTED_INCLUDE_IN_FRAMEWORK_HEADER = YES;
				CLANG_WARN_RANGE_LOOP_ANALYSIS = YES;
				CLANG_WARN_STRICT_PROTOTYPES = YES;
				CLANG_WARN_SUSPICIOUS_MOVE = YES;
				CLANG_WARN_UNGUARDED_AVAILABILITY = YES_AGGRESSIVE;
				CLANG_WARN_UNREACHABLE_CODE = YES;
				CLANG_WARN__DUPLICATE_METHOD_MATCH = YES;
				COPY_PHASE_STRIP = NO;
				DEAD_CODE_STRIPPING = YES;
				DEBUG_INFORMATION_FORMAT = dwarf;
				ENABLE_STRICT_OBJC_MSGSEND = YES;
				ENABLE_TESTABILITY = YES;
				GCC_C_LANGUAGE_STANDARD = gnu11;
				GCC_DYNAMIC_NO_PIC = NO;
				GCC_NO_COMMON_BLOCKS = YES;
				GCC_OPTIMIZATION_LEVEL = 0;
				GCC_PREPROCESSOR_DEFINITIONS = (
					"DEBUG=1",
					"$(inherited)",
				);
				GCC_WARN_64_TO_32_BIT_CONVERSION = YES;
				GCC_WARN_ABOUT_RETURN_TYPE = YES_ERROR;
				GCC_WARN_UNDECLARED_SELECTOR = YES;
				GCC_WARN_UNINITIALIZED_AUTOS = YES_AGGRESSIVE;
				GCC_WARN_UNUSED_FUNCTION = YES;
				GCC_WARN_UNUSED_VARIABLE = YES;
				MTL_ENABLE_DEBUG_INFO = YES;
				ONLY_ACTIVE_ARCH = YES;
				PRODUCT_NAME = "$(TARGET_NAME)";
			};
			name = Debug;
		};
		B1A50DA920D086B19C551371 /* Release */ = {
			isa = XCBuildConfiguration;
			buildSettings = {
				ALWAYS_SEARCH_USER_PATHS = NO;
				CLANG_ANALYZER_LOCALIZABILITY_NONLOCALIZED = YES;
				CLANG_ANALYZER_NONNULL = YES;
				CLANG_ANALYZER_NUMBER_OBJECT_CONVERSION = YES_AGGRESSIVE;
				CLANG_CXX_LANGUAGE_STANDARD = "gnu++14";
				CLANG_CXX_LIBRARY = "libc++";
				CLANG_ENABLE_MODULES = YES;
				CLANG_ENABLE_OBJC_ARC = YES;
				CLANG_ENABLE_OBJC_WEAK = YES;
				CLANG_WARN_BLOCK_CAPTURE_AUTORELEASING = YES;
				CLANG_WARN_BOOL_CONVERSION = YES;
				CLANG_WARN_COMMA = YES;
				CLANG_WARN_CONSTANT_CONVERSION = YES;
				CLANG_WARN_DEPRECATED_OBJC_IMPLEMENTATIONS = YES;
				CLANG_WARN_DIRECT_OBJC_ISA_USAGE = YES_ERROR;
				CLANG_WARN_DOCUMENTATION_COMMENTS = YES;
				CLANG_WARN_EMPTY_BODY = YES;
				CLANG_WARN_ENUM_CONVERSION = YES;
				CLANG_WARN_INFINITE_RECURSION = YES;
				CLANG_WARN_INT_CONVERSION = YES;
				CLANG_WARN_NON_LITERAL_NULL_CONVERSION = YES;
				CLANG_WARN_OBJC_IMPLICIT_RETAIN_SELF = YES;
				CLANG_WARN_OBJC_LITERAL_CONVERSION = YES;
				CLANG_WARN_OBJC_ROOT_CLASS = YES_ERROR;
				CLANG_WARN_QUOTED_INCLUDE_IN_FRAMEWORK_HEADER = YES;
				CLANG_WARN_RANGE_LOOP_ANALYSIS = YES;
				CLANG_WARN_STRICT_PROTOTYPES = YES;
				CLANG_WARN_SUSPICIOUS_MOVE = YES;
				CLANG_WARN_UNGUARDED_AVAILABILITY = YES_AGGRESSIVE;
				CLANG_WARN_UNREACHABLE_CODE = YES;
				CLANG_WARN__DUPLICATE_METHOD_MATCH = YES;
				COPY_PHASE_STRIP = NO;
				DEAD_CODE_STRIPPING = YES;
				DEBUG_INFORMATION_FORMAT = "dwarf-with-dsym";
				ENABLE_NS_ASSERTIONS = NO;
				ENABLE_STRICT_OBJC_MSGSEND = YES;
				GCC_C_LANGUAGE_STANDARD = gnu11;
				GCC_NO_COMMON_BLOCKS = YES;
				GCC_OPTIMIZATION_LEVEL = s;
				GCC_WARN_64_TO_32_BIT_CONVERSION = YES;
				GCC_WARN_ABOUT_RETURN_TYPE = YES_ERROR;
				GCC_WARN_UNDECLARED_SELECTOR = YES;
				GCC_WARN_UNINITIALIZED_AUTOS = YES_AGGRESSIVE;
				GCC_WARN_UNUSED_FUNCTION = YES;
				GCC_WARN_UNUSED_VARIABLE = YES;
				MTL_ENABLE_DEBUG_INFO = NO;
				PRODUCT_NAME = "$(TARGET_NAME)";
				SWIFT_COMPILATION_MODE = wholemodule;
				SWIFT_OPTIMIZATION_LEVEL = "-Owholemodule";
				VALIDATE_PRODUCT = YES;
			};
			name = Release;
		};
		FE773AA4EBE9B76C862985FF /* Release */ = {
			isa = XCBuildConfiguration;
			buildSettings = {
				CODE_SIGN_IDENTITY = "";
				COMBINE_HIDPI_IMAGES = YES;
				CURRENT_PROJECT_VERSION = 1;
				DEFINES_MODULE = YES;
				DYLIB_COMPATIBILITY_VERSION = 1;
				DYLIB_CURRENT_VERSION = 1;
				DYLIB_INSTALL_NAME_BASE = "@rpath";
				FRAMEWORK_VERSION = A;
				INFOPLIST_FILE = "Derived/InfoPlists/DofficeKit-Info.plist";
				INSTALL_PATH = "$(LOCAL_LIBRARY_DIR)/Frameworks";
				LD_RUNPATH_SEARCH_PATHS = (
					"$(inherited)",
					"@executable_path/../Frameworks",
					"@loader_path/../Frameworks",
				);
				MACH_O_TYPE = staticlib;
				MACOSX_DEPLOYMENT_TARGET = 14.0;
				PRODUCT_BUNDLE_IDENTIFIER = com.junha.doffice.kit;
				PRODUCT_NAME = DofficeKit;
				SDKROOT = macosx;
				SKIP_INSTALL = YES;
				SWIFT_COMPILATION_MODE = wholemodule;
				SWIFT_OPTIMIZATION_LEVEL = "-Owholemodule";
				SWIFT_VERSION = 5.0;
				VERSIONING_SYSTEM = "apple-generic";
				VERSION_INFO_PREFIX = "";
			};
			name = Release;
		};
/* End XCBuildConfiguration section */

/* Begin XCConfigurationList section */
		847E739198CEEB70BC5A2CD8 /* Build configuration list for PBXProject "DofficeKit" */ = {
			isa = XCConfigurationList;
			buildConfigurations = (
				A7F8D57CB0F7D7F17C060350 /* Debug */,
				B1A50DA920D086B19C551371 /* Release */,
			);
			defaultConfigurationIsVisible = 0;
			defaultConfigurationName = Release;
		};
		DB74148875B49C69EFE0DA21 /* Build configuration list for PBXNativeTarget "DofficeKitTests" */ = {
			isa = XCConfigurationList;
			buildConfigurations = (
				4DCE7F38BA8E57F2AE47A94D /* Debug */,
				94BF43D18CA4B253D0BF060B /* Release */,
			);
			defaultConfigurationIsVisible = 0;
			defaultConfigurationName = Release;
		};
		E9030ACF87AE1FC56D0A7A63 /* Build configuration list for PBXNativeTarget "DofficeKit" */ = {
			isa = XCConfigurationList;
			buildConfigurations = (
				49FFFC916522A0A8864FE810 /* Debug */,
				FE773AA4EBE9B76C862985FF /* Release */,
			);
			defaultConfigurationIsVisible = 0;
			defaultConfigurationName = Release;
		};
/* End XCConfigurationList section */

/* Begin XCRemoteSwiftPackageReference section */
		95BDE3839A3AB6BE2DE2DCE3 /* XCRemoteSwiftPackageReference "SwiftTerm" */ = {
			isa = XCRemoteSwiftPackageReference;
			repositoryURL = "https://github.com/migueldeicaza/SwiftTerm.git";
			requirement = {
				kind = exactVersion;
				version = 1.12.0;
			};
		};
		CC7665FAB35CEEC98167E6DF /* XCRemoteSwiftPackageReference "swift-collections" */ = {
			isa = XCRemoteSwiftPackageReference;
			repositoryURL = "https://github.com/apple/swift-collections.git";
			requirement = {
				kind = upToNextMajorVersion;
				minimumVersion = 1.1.0;
			};
		};
/* End XCRemoteSwiftPackageReference section */

/* Begin XCSwiftPackageProductDependency section */
		89E6D5A0A35B16F4DE306A1A /* OrderedCollections */ = {
			isa = XCSwiftPackageProductDependency;
			productName = OrderedCollections;
		};
		9D5C2229CC776B62AF642481 /* SwiftTerm */ = {
			isa = XCSwiftPackageProductDependency;
			productName = SwiftTerm;
		};
/* End XCSwiftPackageProductDependency section */
	};
	rootObject = 6AEE72F920591BBB91153613 /* Project object */;
}
